
Microsoft Visual Studio Solution File, Format Version 12.00
# Visual Studio Version 16
VisualStudioVersion = 16.0.30611.23
MinimumVisualStudioVersion = 10.0.40219.1
Project("{8BC9CEB8-8B4A-11D0-8D11-00A0C91BC942}") = "SortLab", "SortLab\SortLab.vcxproj", "{27715577-0040-4CCE-9FA5-5E7C598C1E0F}"
EndProject
Project("{8BC9CEB8-8B4A-11D0-8D11-00A0C91BC942}") = "Tests", "Tests\Tests.vcxproj", "{177A50A4-EEBD-4BB4-981B-73FDBF27A8AB}"
EndProject
Global
	GlobalSection(SolutionConfigurationPlatforms) = preSolution
		Debug|x64 = Debug|x64
		Debug|x86 = Debug|x86
		Release|x64 = Release|x64
		Release|x86 = Release|x86
	EndGlobalSection
	GlobalSection(ProjectConfigurationPlatforms) = postSolution
		{27715577-0040-4CCE-9FA5-5E7C598C1E0F}.Debug|x64.ActiveCfg = Debug|x64
		{27715577-0040-4CCE-9FA5-5E7C598C1E0F}.Debug|x64.Build.0 = Debug|x64
		{27715577-0040-4CCE-9FA5-5E7C598C1E0F}.Debug|x86.ActiveCfg = Debug|Win32
		{27715577-0040-4CCE-9FA5-5E7C598C1E0F}.Debug|x86.Build.0 = Debug|Win32
		{27715577-0040-4CCE-9FA5-5E7C598C1E0F}.Release|x64.ActiveCfg = Release|x64
		{27715577-0040-4CCE-9FA5-5E7C598C1E0F}.Release|x64.Build.0 = Release|x64
		{27715577-0040-4CCE-9FA5-5E7C598C1E0F}.Release|x86.ActiveCfg = Release|Win32
		{27715577-0040-4CCE-9FA5-5E7C598C1E0F}.Release|x86.Build.0 = Release|Win32
		{177A50A4-EEBD-4BB4-981B-73FDBF27A8AB}.Debug|x64.ActiveCfg = Debug|x64
		{177A50A4-EEBD-4BB4-981B-73FDBF27A8AB}.Debug|x64.Build.0 = Debug|x64
		{177A50A4-EEBD-4BB4-981B-73FDBF27A8AB}.Debug|x86.ActiveCfg = Debug|Win32
		{177A50A4-EEBD-4BB4-981B-73FDBF27A8AB}.Debug|x86.Build.0 = Debug|Win32
		{177A50A4-EEBD-4BB4-981B-73FDBF27A8AB}.Release|x64.ActiveCfg = Release|x64
		{177A50A4-EEBD-4BB4-981B-73FDBF27A8AB}.Release|x64.Build.0 = Release|x64
		{177A50A4-EEBD-4BB4-981B-73FDBF27A8AB}.Release|x86.ActiveCfg = Release|Win32
		{177A50A4-EEBD-4BB4-981B-73FDBF27A8AB}.Release|x86.Build.0 = Release|Win32
	EndGlobalSection
	GlobalSection(SolutionProperties) = preSolution
		HideSolutionNode = FALSE
	EndGlobalSection
	GlobalSection(ExtensibilityGlobals) = postSolution
		SolutionGuid = {0F22BBC8-925F-4D46-805F-436A2D740A16}
	EndGlobalSection
EndGlobal
